
Microsoft Visual Studio Solution File, Format Version 12.00
# Visual Studio Version 17
VisualStudioVersion = 17.3.32804.467
MinimumVisualStudioVersion = 10.0.40219.1
Project("{9A19103F-16F7-4668-BE54-9A1E7A4F7556}") = "StoreAPI", "StoreAPI\StoreAPI.csproj", "{1EDB986C-EE98-4280-A003-9BA8068B30C0}"
EndProject
Project("{00D1A9C2-B5F0-4AF3-8072-F6C62B433612}") = "StoreDataBase", "StoreDataBase\StoreDataBase.sqlproj", "{1CCAD2C6-8CE2-477D-A965-53235DBB01F2}"
EndProject
Project("{FAE04EC0-301F-11D3-BF4B-00C04F79EFBC}") = "StoreTesting", "StoreTesting\StoreTesting.csproj", "{B7F0171E-CF9E-4190-AECD-09A0D4A763F4}"
EndProject
Global
	GlobalSection(SolutionConfigurationPlatforms) = preSolution
		Debug|Any CPU = Debug|Any CPU
		Release|Any CPU = Release|Any CPU
	EndGlobalSection
	GlobalSection(ProjectConfigurationPlatforms) = postSolution
		{1EDB986C-EE98-4280-A003-9BA8068B30C0}.Debug|Any CPU.ActiveCfg = Debug|Any CPU
		{1EDB986C-EE98-4280-A003-9BA8068B30C0}.Debug|Any CPU.Build.0 = Debug|Any CPU
		{1EDB986C-EE98-4280-A003-9BA8068B30C0}.Release|Any CPU.ActiveCfg = Release|Any CPU
		{1EDB986C-EE98-4280-A003-9BA8068B30C0}.Release|Any CPU.Build.0 = Release|Any CPU
		{1CCAD2C6-8CE2-477D-A965-53235DBB01F2}.Debug|Any CPU.ActiveCfg = Debug|Any CPU
		{1CCAD2C6-8CE2-477D-A965-53235DBB01F2}.Debug|Any CPU.Build.0 = Debug|Any CPU
		{1CCAD2C6-8CE2-477D-A965-53235DBB01F2}.Debug|Any CPU.Deploy.0 = Debug|Any CPU
		{1CCAD2C6-8CE2-477D-A965-53235DBB01F2}.Release|Any CPU.ActiveCfg = Release|Any CPU
		{1CCAD2C6-8CE2-477D-A965-53235DBB01F2}.Release|Any CPU.Build.0 = Release|Any CPU
		{1CCAD2C6-8CE2-477D-A965-53235DBB01F2}.Release|Any CPU.Deploy.0 = Release|Any CPU
		{B7F0171E-CF9E-4190-AECD-09A0D4A763F4}.Debug|Any CPU.ActiveCfg = Debug|Any CPU
		{B7F0171E-CF9E-4190-AECD-09A0D4A763F4}.Debug|Any CPU.Build.0 = Debug|Any CPU
		{B7F0171E-CF9E-4190-AECD-09A0D4A763F4}.Release|Any CPU.ActiveCfg = Release|Any CPU
		{B7F0171E-CF9E-4190-AECD-09A0D4A763F4}.Release|Any CPU.Build.0 = Release|Any CPU
	EndGlobalSection
	GlobalSection(SolutionProperties) = preSolution
		HideSolutionNode = FALSE
	EndGlobalSection
	GlobalSection(ExtensibilityGlobals) = postSolution
		SolutionGuid = {3D9EC5EA-4D19-4F13-BC5F-CCBC58AFC84B}
	EndGlobalSection
EndGlobal
